
Microsoft Visual Studio Solution File, Format Version 12.00
# Visual Studio Version 16
VisualStudioVersion = 16.0.30611.23
MinimumVisualStudioVersion = 10.0.40219.1
Project("{FAE04EC0-301F-11D3-BF4B-00C04F79EFBC}") = "WebUI", "WebUI\WebUI.csproj", "{A7D33537-6180-4DE1-A1F8-F4BF9178C404}"
EndProject
Global
	GlobalSection(SolutionConfigurationPlatforms) = preSolution
		Debug|Any CPU = Debug|Any CPU
		Release|Any CPU = Release|Any CPU
	EndGlobalSection
	GlobalSection(ProjectConfigurationPlatforms) = postSolution
		{A7D33537-6180-4DE1-A1F8-F4BF9178C404}.Debug|Any CPU.ActiveCfg = Debug|Any CPU
		{A7D33537-6180-4DE1-A1F8-F4BF9178C404}.Debug|Any CPU.Build.0 = Debug|Any CPU
		{A7D33537-6180-4DE1-A1F8-F4BF9178C404}.Release|Any CPU.ActiveCfg = Release|Any CPU
		{A7D33537-6180-4DE1-A1F8-F4BF9178C404}.Release|Any CPU.Build.0 = Release|Any CPU
	EndGlobalSection
	GlobalSection(SolutionProperties) = preSolution
		HideSolutionNode = FALSE
	EndGlobalSection
	GlobalSection(ExtensibilityGlobals) = postSolution
		SolutionGuid = {DB5BE17E-3110-457B-8664-45F6C8D80352}
	EndGlobalSection
EndGlobal
